
Microsoft Visual Studio Solution File, Format Version 12.00
# Visual Studio Version 16
VisualStudioVersion = 16.0.29728.190
MinimumVisualStudioVersion = 10.0.40219.1
Project("{FAE04EC0-301F-11D3-BF4B-00C04F79EFBC}") = "isaac-levelgen", "isaac-levelgen\isaac-levelgen.csproj", "{2868C235-A28A-4C1F-8846-97D0B0B43D22}"
EndProject
Global
	GlobalSection(SolutionConfigurationPlatforms) = preSolution
		Debug|Any CPU = Debug|Any CPU
		Release|Any CPU = Release|Any CPU
	EndGlobalSection
	GlobalSection(ProjectConfigurationPlatforms) = postSolution
		{2868C235-A28A-4C1F-8846-97D0B0B43D22}.Debug|Any CPU.ActiveCfg = Debug|Any CPU
		{2868C235-A28A-4C1F-8846-97D0B0B43D22}.Debug|Any CPU.Build.0 = Debug|Any CPU
		{2868C235-A28A-4C1F-8846-97D0B0B43D22}.Release|Any CPU.ActiveCfg = Release|Any CPU
		{2868C235-A28A-4C1F-8846-97D0B0B43D22}.Release|Any CPU.Build.0 = Release|Any CPU
	EndGlobalSection
	GlobalSection(SolutionProperties) = preSolution
		HideSolutionNode = FALSE
	EndGlobalSection
	GlobalSection(ExtensibilityGlobals) = postSolution
		SolutionGuid = {93665034-BFE0-4B78-BBDD-E68E1D0B7455}
	EndGlobalSection
EndGlobal
